// !$*UTF8*$!
{
	archiveVersion = 1;
	classes = {
	};
	objectVersion = 50;
	objects = {

/* Begin PBXBuildFile section */
		392286DF20C5154900A0B4E0 /* YJTabMainBaseViewController.m in Sources */ = {isa = PBXBuildFile; fileRef = 392286DE20C5154900A0B4E0 /* YJTabMainBaseViewController.m */; };
		392286E220C51D8500A0B4E0 /* YJSearchBar.m in Sources */ = {isa = PBXBuildFile; fileRef = 392286E120C51D8500A0B4E0 /* YJSearchBar.m */; };
		392286E920C5223400A0B4E0 /* YJMessageViewController.m in Sources */ = {isa = PBXBuildFile; fileRef = 392286E820C5223400A0B4E0 /* YJMessageViewController.m */; };
		392286ED20C548FD00A0B4E0 /* YJContactsViewController.m in Sources */ = {isa = PBXBuildFile; fileRef = 392286EC20C548FD00A0B4E0 /* YJContactsViewController.m */; };
		392286F120C549AB00A0B4E0 /* YJDynamicViewController.m in Sources */ = {isa = PBXBuildFile; fileRef = 392286F020C549AB00A0B4E0 /* YJDynamicViewController.m */; };
		392286F420C54EE400A0B4E0 /* YJMainNavigationController.m in Sources */ = {isa = PBXBuildFile; fileRef = 392286F320C54EE400A0B4E0 /* YJMainNavigationController.m */; };
		392286F720C55A5300A0B4E0 /* YJTabBarView.m in Sources */ = {isa = PBXBuildFile; fileRef = 392286F620C55A5300A0B4E0 /* YJTabBarView.m */; };
		393DCFE220C2EBCA0048D92D /* YJViewController.m in Sources */ = {isa = PBXBuildFile; fileRef = 393DCFE120C2EBCA0048D92D /* YJViewController.m */; };
		393DCFE520C2EBE50048D92D /* YJCollectionViewController.m in Sources */ = {isa = PBXBuildFile; fileRef = 393DCFE420C2EBE50048D92D /* YJCollectionViewController.m */; };
		39F392BD20C0382400C66FBD /* AppDelegate.m in Sources */ = {isa = PBXBuildFile; fileRef = 39F392BC20C0382400C66FBD /* AppDelegate.m */; };
		39F392C020C0382400C66FBD /* ViewController.m in Sources */ = {isa = PBXBuildFile; fileRef = 39F392BF20C0382400C66FBD /* ViewController.m */; };
		39F392C320C0382500C66FBD /* Main.storyboard in Resources */ = {isa = PBXBuildFile; fileRef = 39F392C120C0382500C66FBD /* Main.storyboard */; };
		39F392C520C0382600C66FBD /* Assets.xcassets in Resources */ = {isa = PBXBuildFile; fileRef = 39F392C420C0382600C66FBD /* Assets.xcassets */; };
		39F392C820C0382600C66FBD /* LaunchScreen.storyboard in Resources */ = {isa = PBXBuildFile; fileRef = 39F392C620C0382600C66FBD /* LaunchScreen.storyboard */; };
		39F392CB20C0382600C66FBD /* main.m in Sources */ = {isa = PBXBuildFile; fileRef = 39F392CA20C0382600C66FBD /* main.m */; };
		39F392D520C0382700C66FBD /* YJQQTests.m in Sources */ = {isa = PBXBuildFile; fileRef = 39F392D420C0382700C66FBD /* YJQQTests.m */; };
		39F392E020C0382700C66FBD /* YJQQUITests.m in Sources */ = {isa = PBXBuildFile; fileRef = 39F392DF20C0382700C66FBD /* YJQQUITests.m */; };
		39F392F020C03A8700C66FBD /* AppDelegate+SideNavigation.m in Sources */ = {isa = PBXBuildFile; fileRef = 39F392EF20C03A8700C66FBD /* AppDelegate+SideNavigation.m */; };
		39F392F420C03EA500C66FBD /* SideMenuViewController.m in Sources */ = {isa = PBXBuildFile; fileRef = 39F392F320C03EA500C66FBD /* SideMenuViewController.m */; };
		39F392F720C0415B00C66FBD /* YJNavigationContentViewController.m in Sources */ = {isa = PBXBuildFile; fileRef = 39F392F620C0415B00C66FBD /* YJNavigationContentViewController.m */; };
		39F392FB20C0422C00C66FBD /* YJTabBarController.m in Sources */ = {isa = PBXBuildFile; fileRef = 39F392FA20C0422C00C66FBD /* YJTabBarController.m */; };
		5CA42BC0107CD50141374DFE /* libPods-YJQQ.a in Frameworks */ = {isa = PBXBuildFile; fileRef = 43767A75D66AC63B5EAA6B48 /* libPods-YJQQ.a */; };
/* End PBXBuildFile section */

/* Begin PBXContainerItemProxy section */
		39F392D120C0382700C66FBD /* PBXContainerItemProxy */ = {
			isa = PBXContainerItemProxy;
			containerPortal = 39F392B020C0382400C66FBD /* Project object */;
			proxyType = 1;
			remoteGlobalIDString = 39F392B720C0382400C66FBD;
			remoteInfo = YJQQ;
		};
		39F392DC20C0382700C66FBD /* PBXContainerItemProxy */ = {
			isa = PBXContainerItemProxy;
			containerPortal = 39F392B020C0382400C66FBD /* Project object */;
			proxyType = 1;
			remoteGlobalIDString = 39F392B720C0382400C66FBD;
			remoteInfo = YJQQ;
		};
/* End PBXContainerItemProxy section */

/* Begin PBXFileReference section */
		392286DD20C5154900A0B4E0 /* YJTabMainBaseViewController.h */ = {isa = PBXFileReference; lastKnownFileType = sourcecode.c.h; path = YJTabMainBaseViewController.h; sourceTree = "<group>"; };
		392286DE20C5154900A0B4E0 /* YJTabMainBaseViewController.m */ = {isa = PBXFileReference; lastKnownFileType = sourcecode.c.objc; path = YJTabMainBaseViewController.m; sourceTree = "<group>"; };
		392286E020C51D8500A0B4E0 /* YJSearchBar.h */ = {isa = PBXFileReference; lastKnownFileType = sourcecode.c.h; path = YJSearchBar.h; sourceTree = "<group>"; };
		392286E120C51D8500A0B4E0 /* YJSearchBar.m */ = {isa = PBXFileReference; lastKnownFileType = sourcecode.c.objc; path = YJSearchBar.m; sourceTree = "<group>"; };
		392286E720C5223400A0B4E0 /* YJMessageViewController.h */ = {isa = PBXFileReference; lastKnownFileType = sourcecode.c.h; path = YJMessageViewController.h; sourceTree = "<group>"; };
		392286E820C5223400A0B4E0 /* YJMessageViewController.m */ = {isa = PBXFileReference; lastKnownFileType = sourcecode.c.objc; path = YJMessageViewController.m; sourceTree = "<group>"; };
		392286EB20C548FD00A0B4E0 /* YJContactsViewController.h */ = {isa = PBXFileReference; lastKnownFileType = sourcecode.c.h; path = YJContactsViewController.h; sourceTree = "<group>"; };
		392286EC20C548FD00A0B4E0 /* YJContactsViewController.m */ = {isa = PBXFileReference; lastKnownFileType = sourcecode.c.objc; path = YJContactsViewController.m; sourceTree = "<group>"; };
		392286EF20C549AB00A0B4E0 /* YJDynamicViewController.h */ = {isa = PBXFileReference; lastKnownFileType = sourcecode.c.h; path = YJDynamicViewController.h; sourceTree = "<group>"; };
		392286F020C549AB00A0B4E0 /* YJDynamicViewController.m */ = {isa = PBXFileReference; lastKnownFileType = sourcecode.c.objc; path = YJDynamicViewController.m; sourceTree = "<group>"; };
		392286F220C54EE400A0B4E0 /* YJMainNavigationController.h */ = {isa = PBXFileReference; lastKnownFileType = sourcecode.c.h; path = YJMainNavigationController.h; sourceTree = "<group>"; };
		392286F320C54EE400A0B4E0 /* YJMainNavigationController.m */ = {isa = PBXFileReference; lastKnownFileType = sourcecode.c.objc; path = YJMainNavigationController.m; sourceTree = "<group>"; };
		392286F520C55A5300A0B4E0 /* YJTabBarView.h */ = {isa = PBXFileReference; lastKnownFileType = sourcecode.c.h; path = YJTabBarView.h; sourceTree = "<group>"; };
		392286F620C55A5300A0B4E0 /* YJTabBarView.m */ = {isa = PBXFileReference; lastKnownFileType = sourcecode.c.objc; path = YJTabBarView.m; sourceTree = "<group>"; };
		393DCFE020C2EBCA0048D92D /* YJViewController.h */ = {isa = PBXFileReference; lastKnownFileType = sourcecode.c.h; path = YJViewController.h; sourceTree = "<group>"; };
		393DCFE120C2EBCA0048D92D /* YJViewController.m */ = {isa = PBXFileReference; lastKnownFileType = sourcecode.c.objc; path = YJViewController.m; sourceTree = "<group>"; };
		393DCFE320C2EBE50048D92D /* YJCollectionViewController.h */ = {isa = PBXFileReference; lastKnownFileType = sourcecode.c.h; path = YJCollectionViewController.h; sourceTree = "<group>"; };
		393DCFE420C2EBE50048D92D /* YJCollectionViewController.m */ = {isa = PBXFileReference; lastKnownFileType = sourcecode.c.objc; path = YJCollectionViewController.m; sourceTree = "<group>"; };
		39F392B820C0382400C66FBD /* YJQQ.app */ = {isa = PBXFileReference; explicitFileType = wrapper.application; includeInIndex = 0; path = YJQQ.app; sourceTree = BUILT_PRODUCTS_DIR; };
		39F392BB20C0382400C66FBD /* AppDelegate.h */ = {isa = PBXFileReference; lastKnownFileType = sourcecode.c.h; path = AppDelegate.h; sourceTree = "<group>"; };
		39F392BC20C0382400C66FBD /* AppDelegate.m */ = {isa = PBXFileReference; lastKnownFileType = sourcecode.c.objc; path = AppDelegate.m; sourceTree = "<group>"; };
		39F392BE20C0382400C66FBD /* ViewController.h */ = {isa = PBXFileReference; lastKnownFileType = sourcecode.c.h; path = ViewController.h; sourceTree = "<group>"; };
		39F392BF20C0382400C66FBD /* ViewController.m */ = {isa = PBXFileReference; lastKnownFileType = sourcecode.c.objc; path = ViewController.m; sourceTree = "<group>"; };
		39F392C220C0382500C66FBD /* Base */ = {isa = PBXFileReference; lastKnownFileType = file.storyboard; name = Base; path = Base.lproj/Main.storyboard; sourceTree = "<group>"; };
		39F392C420C0382600C66FBD /* Assets.xcassets */ = {isa = PBXFileReference; lastKnownFileType = folder.assetcatalog; path = Assets.xcassets; sourceTree = "<group>"; };
		39F392C720C0382600C66FBD /* Base */ = {isa = PBXFileReference; lastKnownFileType = file.storyboard; name = Base; path = Base.lproj/LaunchScreen.storyboard; sourceTree = "<group>"; };
		39F392C920C0382600C66FBD /* Info.plist */ = {isa = PBXFileReference; lastKnownFileType = text.plist.xml; path = Info.plist; sourceTree = "<group>"; };
		39F392CA20C0382600C66FBD /* main.m */ = {isa = PBXFileReference; lastKnownFileType = sourcecode.c.objc; path = main.m; sourceTree = "<group>"; };
		39F392D020C0382700C66FBD /* YJQQTests.xctest */ = {isa = PBXFileReference; explicitFileType = wrapper.cfbundle; includeInIndex = 0; path = YJQQTests.xctest; sourceTree = BUILT_PRODUCTS_DIR; };
		39F392D420C0382700C66FBD /* YJQQTests.m */ = {isa = PBXFileReference; lastKnownFileType = sourcecode.c.objc; path = YJQQTests.m; sourceTree = "<group>"; };
		39F392D620C0382700C66FBD /* Info.plist */ = {isa = PBXFileReference; lastKnownFileType = text.plist.xml; path = Info.plist; sourceTree = "<group>"; };
		39F392DB20C0382700C66FBD /* YJQQUITests.xctest */ = {isa = PBXFileReference; explicitFileType = wrapper.cfbundle; includeInIndex = 0; path = YJQQUITests.xctest; sourceTree = BUILT_PRODUCTS_DIR; };
		39F392DF20C0382700C66FBD /* YJQQUITests.m */ = {isa = PBXFileReference; lastKnownFileType = sourcecode.c.objc; path = YJQQUITests.m; sourceTree = "<group>"; };
		39F392E120C0382700C66FBD /* Info.plist */ = {isa = PBXFileReference; lastKnownFileType = text.plist.xml; path = Info.plist; sourceTree = "<group>"; };
		39F392EE20C03A8700C66FBD /* AppDelegate+SideNavigation.h */ = {isa = PBXFileReference; lastKnownFileType = sourcecode.c.h; path = "AppDelegate+SideNavigation.h"; sourceTree = "<group>"; };
		39F392EF20C03A8700C66FBD /* AppDelegate+SideNavigation.m */ = {isa = PBXFileReference; lastKnownFileType = sourcecode.c.objc; path = "AppDelegate+SideNavigation.m"; sourceTree = "<group>"; };
		39F392F220C03EA500C66FBD /* SideMenuViewController.h */ = {isa = PBXFileReference; lastKnownFileType = sourcecode.c.h; path = SideMenuViewController.h; sourceTree = "<group>"; };
		39F392F320C03EA500C66FBD /* SideMenuViewController.m */ = {isa = PBXFileReference; lastKnownFileType = sourcecode.c.objc; path = SideMenuViewController.m; sourceTree = "<group>"; };
		39F392F520C0415B00C66FBD /* YJNavigationContentViewController.h */ = {isa = PBXFileReference; lastKnownFileType = sourcecode.c.h; path = YJNavigationContentViewController.h; sourceTree = "<group>"; };
		39F392F620C0415B00C66FBD /* YJNavigationContentViewController.m */ = {isa = PBXFileReference; lastKnownFileType = sourcecode.c.objc; path = YJNavigationContentViewController.m; sourceTree = "<group>"; };
		39F392F920C0422C00C66FBD /* YJTabBarController.h */ = {isa = PBXFileReference; lastKnownFileType = sourcecode.c.h; path = YJTabBarController.h; sourceTree = "<group>"; };
		39F392FA20C0422C00C66FBD /* YJTabBarController.m */ = {isa = PBXFileReference; lastKnownFileType = sourcecode.c.objc; path = YJTabBarController.m; sourceTree = "<group>"; };
		43767A75D66AC63B5EAA6B48 /* libPods-YJQQ.a */ = {isa = PBXFileReference; explicitFileType = archive.ar; includeInIndex = 0; path = "libPods-YJQQ.a"; sourceTree = BUILT_PRODUCTS_DIR; };
		76F34A5CCEA4A5FFF86FA837 /* Pods-YJQQ.debug.xcconfig */ = {isa = PBXFileReference; includeInIndex = 1; lastKnownFileType = text.xcconfig; name = "Pods-YJQQ.debug.xcconfig"; path = "Pods/Target Support Files/Pods-YJQQ/Pods-YJQQ.debug.xcconfig"; sourceTree = "<group>"; };
		90E264D062D9ECD570CE9DD0 /* Pods-YJQQ.release.xcconfig */ = {isa = PBXFileReference; includeInIndex = 1; lastKnownFileType = text.xcconfig; name = "Pods-YJQQ.release.xcconfig"; path = "Pods/Target Support Files/Pods-YJQQ/Pods-YJQQ.release.xcconfig"; sourceTree = "<group>"; };
/* End PBXFileReference section */

/* Begin PBXFrameworksBuildPhase section */
		39F392B520C0382400C66FBD /* Frameworks */ = {
			isa = PBXFrameworksBuildPhase;
			buildActionMask = 2147483647;
			files = (
				5CA42BC0107CD50141374DFE /* libPods-YJQQ.a in Frameworks */,
			);
			runOnlyForDeploymentPostprocessing = 0;
		};
		39F392CD20C0382700C66FBD /* Frameworks */ = {
			isa = PBXFrameworksBuildPhase;
			buildActionMask = 2147483647;
			files = (
			);
			runOnlyForDeploymentPostprocessing = 0;
		};
		39F392D820C0382700C66FBD /* Frameworks */ = {
			isa = PBXFrameworksBuildPhase;
			buildActionMask = 2147483647;
			files = (
			);
			runOnlyForDeploymentPostprocessing = 0;
		};
/* End PBXFrameworksBuildPhase section */

/* Begin PBXGroup section */
		392286E320C5220800A0B4E0 /* Message */ = {
			isa = PBXGroup;
			children = (
				392286E420C5220800A0B4E0 /* Controller */,
				392286E520C5220800A0B4E0 /* Model */,
				392286E620C5220800A0B4E0 /* View */,
			);
			path = Message;
			sourceTree = "<group>";
		};
		392286E420C5220800A0B4E0 /* Controller */ = {
			isa = PBXGroup;
			children = (
				392286E720C5223400A0B4E0 /* YJMessageViewController.h */,
				392286E820C5223400A0B4E0 /* YJMessageViewController.m */,
			);
			path = Controller;
			sourceTree = "<group>";
		};
		392286E520C5220800A0B4E0 /* Model */ = {
			isa = PBXGroup;
			children = (
			);
			path = Model;
			sourceTree = "<group>";
		};
		392286E620C5220800A0B4E0 /* View */ = {
			isa = PBXGroup;
			children = (
			);
			path = View;
			sourceTree = "<group>";
		};
		392286EA20C548CC00A0B4E0 /* Contacts */ = {
			isa = PBXGroup;
			children = (
				392286EB20C548FD00A0B4E0 /* YJContactsViewController.h */,
				392286EC20C548FD00A0B4E0 /* YJContactsViewController.m */,
			);
			path = Contacts;
			sourceTree = "<group>";
		};
		392286EE20C5498A00A0B4E0 /* Dynamic */ = {
			isa = PBXGroup;
			children = (
				392286EF20C549AB00A0B4E0 /* YJDynamicViewController.h */,
				392286F020C549AB00A0B4E0 /* YJDynamicViewController.m */,
			);
			path = Dynamic;
			sourceTree = "<group>";
		};
		393DCFDE20C2EB790048D92D /* Menu */ = {
			isa = PBXGroup;
			children = (
				393DCFE320C2EBE50048D92D /* YJCollectionViewController.h */,
				393DCFE420C2EBE50048D92D /* YJCollectionViewController.m */,
			);
			path = Menu;
			sourceTree = "<group>";
		};
		393DCFDF20C2EBB50048D92D /* Base */ = {
			isa = PBXGroup;
			children = (
				393DCFE020C2EBCA0048D92D /* YJViewController.h */,
				393DCFE120C2EBCA0048D92D /* YJViewController.m */,
				392286E020C51D8500A0B4E0 /* YJSearchBar.h */,
				392286E120C51D8500A0B4E0 /* YJSearchBar.m */,
			);
			path = Base;
			sourceTree = "<group>";
		};
		39F392AF20C0382400C66FBD = {
			isa = PBXGroup;
			children = (
				393DCFDF20C2EBB50048D92D /* Base */,
				393DCFDE20C2EB790048D92D /* Menu */,
				39F392F820C0420D00C66FBD /* TabBar */,
				39F392F120C03E8900C66FBD /* Navigation */,
				39F392BA20C0382400C66FBD /* YJQQ */,
				39F392D320C0382700C66FBD /* YJQQTests */,
				39F392DE20C0382700C66FBD /* YJQQUITests */,
				39F392B920C0382400C66FBD /* Products */,
				BC6B8A44B83B173E7A23039F /* Pods */,
				C0FC786DA232C75D05507D09 /* Frameworks */,
			);
			sourceTree = "<group>";
		};
		39F392B920C0382400C66FBD /* Products */ = {
			isa = PBXGroup;
			children = (
				39F392B820C0382400C66FBD /* YJQQ.app */,
				39F392D020C0382700C66FBD /* YJQQTests.xctest */,
				39F392DB20C0382700C66FBD /* YJQQUITests.xctest */,
			);
			name = Products;
			sourceTree = "<group>";
		};
		39F392BA20C0382400C66FBD /* YJQQ */ = {
			isa = PBXGroup;
			children = (
				39F392BB20C0382400C66FBD /* AppDelegate.h */,
				39F392BC20C0382400C66FBD /* AppDelegate.m */,
				39F392EE20C03A8700C66FBD /* AppDelegate+SideNavigation.h */,
				39F392EF20C03A8700C66FBD /* AppDelegate+SideNavigation.m */,
				39F392BE20C0382400C66FBD /* ViewController.h */,
				39F392BF20C0382400C66FBD /* ViewController.m */,
				39F392C120C0382500C66FBD /* Main.storyboard */,
				39F392C420C0382600C66FBD /* Assets.xcassets */,
				39F392C620C0382600C66FBD /* LaunchScreen.storyboard */,
				39F392C920C0382600C66FBD /* Info.plist */,
				39F392CA20C0382600C66FBD /* main.m */,
			);
			path = YJQQ;
			sourceTree = "<group>";
		};
		39F392D320C0382700C66FBD /* YJQQTests */ = {
			isa = PBXGroup;
			children = (
				39F392D420C0382700C66FBD /* YJQQTests.m */,
				39F392D620C0382700C66FBD /* Info.plist */,
			);
			path = YJQQTests;
			sourceTree = "<group>";
		};
		39F392DE20C0382700C66FBD /* YJQQUITests */ = {
			isa = PBXGroup;
			children = (
				39F392DF20C0382700C66FBD /* YJQQUITests.m */,
				39F392E120C0382700C66FBD /* Info.plist */,
			);
			path = YJQQUITests;
			sourceTree = "<group>";
		};
		39F392F120C03E8900C66FBD /* Navigation */ = {
			isa = PBXGroup;
			children = (
				39F392F220C03EA500C66FBD /* SideMenuViewController.h */,
				39F392F320C03EA500C66FBD /* SideMenuViewController.m */,
				39F392F520C0415B00C66FBD /* YJNavigationContentViewController.h */,
				39F392F620C0415B00C66FBD /* YJNavigationContentViewController.m */,
			);
			path = Navigation;
			sourceTree = "<group>";
		};
		39F392F820C0420D00C66FBD /* TabBar */ = {
			isa = PBXGroup;
			children = (
				392286EE20C5498A00A0B4E0 /* Dynamic */,
				392286EA20C548CC00A0B4E0 /* Contacts */,
				392286E320C5220800A0B4E0 /* Message */,
				39F392F920C0422C00C66FBD /* YJTabBarController.h */,
				39F392FA20C0422C00C66FBD /* YJTabBarController.m */,
				392286DD20C5154900A0B4E0 /* YJTabMainBaseViewController.h */,
				392286DE20C5154900A0B4E0 /* YJTabMainBaseViewController.m */,
				392286F220C54EE400A0B4E0 /* YJMainNavigationController.h */,
				392286F320C54EE400A0B4E0 /* YJMainNavigationController.m */,
				392286F520C55A5300A0B4E0 /* YJTabBarView.h */,
				392286F620C55A5300A0B4E0 /* YJTabBarView.m */,
			);
			path = TabBar;
			sourceTree = "<group>";
		};
		BC6B8A44B83B173E7A23039F /* Pods */ = {
			isa = PBXGroup;
			children = (
				76F34A5CCEA4A5FFF86FA837 /* Pods-YJQQ.debug.xcconfig */,
				90E264D062D9ECD570CE9DD0 /* Pods-YJQQ.release.xcconfig */,
			);
			name = Pods;
			sourceTree = "<group>";
		};
		C0FC786DA232C75D05507D09 /* Frameworks */ = {
			isa = PBXGroup;
			children = (
				43767A75D66AC63B5EAA6B48 /* libPods-YJQQ.a */,
			);
			name = Frameworks;
			sourceTree = "<group>";
		};
/* End PBXGroup section */

/* Begin PBXNativeTarget section */
		39F392B720C0382400C66FBD /* YJQQ */ = {
			isa = PBXNativeTarget;
			buildConfigurationList = 39F392E420C0382700C66FBD /* Build configuration list for PBXNativeTarget "YJQQ" */;
			buildPhases = (
				172D64A3A9071B89FE5F29E7 /* [CP] Check Pods Manifest.lock */,
				39F392B420C0382400C66FBD /* Sources */,
				39F392B520C0382400C66FBD /* Frameworks */,
				39F392B620C0382400C66FBD /* Resources */,
			);
			buildRules = (
			);
			dependencies = (
			);
			name = YJQQ;
			productName = YJQQ;
			productReference = 39F392B820C0382400C66FBD /* YJQQ.app */;
			productType = "com.apple.product-type.application";
		};
		39F392CF20C0382700C66FBD /* YJQQTests */ = {
			isa = PBXNativeTarget;
			buildConfigurationList = 39F392E720C0382700C66FBD /* Build configuration list for PBXNativeTarget "YJQQTests" */;
			buildPhases = (
				39F392CC20C0382700C66FBD /* Sources */,
				39F392CD20C0382700C66FBD /* Frameworks */,
				39F392CE20C0382700C66FBD /* Resources */,
			);
			buildRules = (
			);
			dependencies = (
				39F392D220C0382700C66FBD /* PBXTargetDependency */,
			);
			name = YJQQTests;
			productName = YJQQTests;
			productReference = 39F392D020C0382700C66FBD /* YJQQTests.xctest */;
			productType = "com.apple.product-type.bundle.unit-test";
		};
		39F392DA20C0382700C66FBD /* YJQQUITests */ = {
			isa = PBXNativeTarget;
			buildConfigurationList = 39F392EA20C0382700C66FBD /* Build configuration list for PBXNativeTarget "YJQQUITests" */;
			buildPhases = (
				39F392D720C0382700C66FBD /* Sources */,
				39F392D820C0382700C66FBD /* Frameworks */,
				39F392D920C0382700C66FBD /* Resources */,
			);
			buildRules = (
			);
			dependencies = (
				39F392DD20C0382700C66FBD /* PBXTargetDependency */,
			);
			name = YJQQUITests;
			productName = YJQQUITests;
			productReference = 39F392DB20C0382700C66FBD /* YJQQUITests.xctest */;
			productType = "com.apple.product-type.bundle.ui-testing";
		};
/* End PBXNativeTarget section */

/* Begin PBXProject section */
		39F392B020C0382400C66FBD /* Project object */ = {
			isa = PBXProject;
			attributes = {
				LastUpgradeCheck = 0940;
				ORGANIZATIONNAME = baoyujin;
				TargetAttributes = {
					39F392B720C0382400C66FBD = {
						CreatedOnToolsVersion = 9.4;
					};
					39F392CF20C0382700C66FBD = {
						CreatedOnToolsVersion = 9.4;
						TestTargetID = 39F392B720C0382400C66FBD;
					};
					39F392DA20C0382700C66FBD = {
						CreatedOnToolsVersion = 9.4;
						TestTargetID = 39F392B720C0382400C66FBD;
					};
				};
			};
			buildConfigurationList = 39F392B320C0382400C66FBD /* Build configuration list for PBXProject "YJQQ" */;
			compatibilityVersion = "Xcode 9.3";
			developmentRegion = en;
			hasScannedForEncodings = 0;
			knownRegions = (
				en,
				Base,
			);
			mainGroup = 39F392AF20C0382400C66FBD;
			productRefGroup = 39F392B920C0382400C66FBD /* Products */;
			projectDirPath = "";
			projectRoot = "";
			targets = (
				39F392B720C0382400C66FBD /* YJQQ */,
				39F392CF20C0382700C66FBD /* YJQQTests */,
				39F392DA20C0382700C66FBD /* YJQQUITests */,
			);
		};
/* End PBXProject section */

/* Begin PBXResourcesBuildPhase section */
		39F392B620C0382400C66FBD /* Resources */ = {
			isa = PBXResourcesBuildPhase;
			buildActionMask = 2147483647;
			files = (
				39F392C820C0382600C66FBD /* LaunchScreen.storyboard in Resources */,
				39F392C520C0382600C66FBD /* Assets.xcassets in Resources */,
				39F392C320C0382500C66FBD /* Main.storyboard in Resources */,
			);
			runOnlyForDeploymentPostprocessing = 0;
		};
		39F392CE20C0382700C66FBD /* Resources */ = {
			isa = PBXResourcesBuildPhase;
			buildActionMask = 2147483647;
			files = (
			);
			runOnlyForDeploymentPostprocessing = 0;
		};
		39F392D920C0382700C66FBD /* Resources */ = {
			isa = PBXResourcesBuildPhase;
			buildActionMask = 2147483647;
			files = (
			);
			runOnlyForDeploymentPostprocessing = 0;
		};
/* End PBXResourcesBuildPhase section */

/* Begin PBXShellScriptBuildPhase section */
		172D64A3A9071B89FE5F29E7 /* [CP] Check Pods Manifest.lock */ = {
			isa = PBXShellScriptBuildPhase;
			buildActionMask = 2147483647;
			files = (
			);
			inputPaths = (
				"${PODS_PODFILE_DIR_PATH}/Podfile.lock",
				"${PODS_ROOT}/Manifest.lock",
			);
			name = "[CP] Check Pods Manifest.lock";
			outputPaths = (
				"$(DERIVED_FILE_DIR)/Pods-YJQQ-checkManifestLockResult.txt",
			);
			runOnlyForDeploymentPostprocessing = 0;
			shellPath = /bin/sh;
			shellScript = "diff \"${PODS_PODFILE_DIR_PATH}/Podfile.lock\" \"${PODS_ROOT}/Manifest.lock\" > /dev/null\nif [ $? != 0 ] ; then\n    # print error to STDERR\n    echo \"error: The sandbox is not in sync with the Podfile.lock. Run 'pod install' or update your CocoaPods installation.\" >&2\n    exit 1\nfi\n# This output is used by Xcode 'outputs' to avoid re-running this script phase.\necho \"SUCCESS\" > \"${SCRIPT_OUTPUT_FILE_0}\"\n";
			showEnvVarsInLog = 0;
		};
/* End PBXShellScriptBuildPhase section */

/* Begin PBXSourcesBuildPhase section */
		39F392B420C0382400C66FBD /* Sources */ = {
			isa = PBXSourcesBuildPhase;
			buildActionMask = 2147483647;
			files = (
				39F392F420C03EA500C66FBD /* SideMenuViewController.m in Sources */,
				39F392C020C0382400C66FBD /* ViewController.m in Sources */,
				39F392CB20C0382600C66FBD /* main.m in Sources */,
				392286F720C55A5300A0B4E0 /* YJTabBarView.m in Sources */,
				392286E920C5223400A0B4E0 /* YJMessageViewController.m in Sources */,
				39F392BD20C0382400C66FBD /* AppDelegate.m in Sources */,
				39F392FB20C0422C00C66FBD /* YJTabBarController.m in Sources */,
				39F392F020C03A8700C66FBD /* AppDelegate+SideNavigation.m in Sources */,
				392286ED20C548FD00A0B4E0 /* YJContactsViewController.m in Sources */,
				39F392F720C0415B00C66FBD /* YJNavigationContentViewController.m in Sources */,
				393DCFE220C2EBCA0048D92D /* YJViewController.m in Sources */,
				392286E220C51D8500A0B4E0 /* YJSearchBar.m in Sources */,
				393DCFE520C2EBE50048D92D /* YJCollectionViewController.m in Sources */,
				392286F420C54EE400A0B4E0 /* YJMainNavigationController.m in Sources */,
				392286DF20C5154900A0B4E0 /* YJTabMainBaseViewController.m in Sources */,
				392286F120C549AB00A0B4E0 /* YJDynamicViewController.m in Sources */,
			);
			runOnlyForDeploymentPostprocessing = 0;
		};
		39F392CC20C0382700C66FBD /* Sources */ = {
			isa = PBXSourcesBuildPhase;
			buildActionMask = 2147483647;
			files = (
				39F392D520C0382700C66FBD /* YJQQTests.m in Sources */,
			);
			runOnlyForDeploymentPostprocessing = 0;
		};
		39F392D720C0382700C66FBD /* Sources */ = {
			isa = PBXSourcesBuildPhase;
			buildActionMask = 2147483647;
			files = (
				39F392E020C0382700C66FBD /* YJQQUITests.m in Sources */,
			);
			runOnlyForDeploymentPostprocessing = 0;
		};
/* End PBXSourcesBuildPhase section */

/* Begin PBXTargetDependency section */
		39F392D220C0382700C66FBD /* PBXTargetDependency */ = {
			isa = PBXTargetDependency;
			target = 39F392B720C0382400C66FBD /* YJQQ */;
			targetProxy = 39F392D120C0382700C66FBD /* PBXContainerItemProxy */;
		};
		39F392DD20C0382700C66FBD /* PBXTargetDependency */ = {
			isa = PBXTargetDependency;
			target = 39F392B720C0382400C66FBD /* YJQQ */;
			targetProxy = 39F392DC20C0382700C66FBD /* PBXContainerItemProxy */;
		};
/* End PBXTargetDependency section */

/* Begin PBXVariantGroup section */
		39F392C120C0382500C66FBD /* Main.storyboard */ = {
			isa = PBXVariantGroup;
			children = (
				39F392C220C0382500C66FBD /* Base */,
			);
			name = Main.storyboard;
			sourceTree = "<group>";
		};
		39F392C620C0382600C66FBD /* LaunchScreen.storyboard */ = {
			isa = PBXVariantGroup;
			children = (
				39F392C720C0382600C66FBD /* Base */,
			);
			name = LaunchScreen.storyboard;
			sourceTree = "<group>";
		};
/* End PBXVariantGroup section */

/* Begin XCBuildConfiguration section */
		39F392E220C0382700C66FBD /* Debug */ = {
			isa = XCBuildConfiguration;
			buildSettings = {
				ALWAYS_SEARCH_USER_PATHS = NO;
				CLANG_ANALYZER_NONNULL = YES;
				CLANG_ANALYZER_NUMBER_OBJECT_CONVERSION = YES_AGGRESSIVE;
				CLANG_CXX_LANGUAGE_STANDARD = "gnu++14";
				CLANG_CXX_LIBRARY = "libc++";
				CLANG_ENABLE_MODULES = YES;
				CLANG_ENABLE_OBJC_ARC = YES;
				CLANG_ENABLE_OBJC_WEAK = YES;
				CLANG_WARN_BLOCK_CAPTURE_AUTORELEASING = YES;
				CLANG_WARN_BOOL_CONVERSION = YES;
				CLANG_WARN_COMMA = YES;
				CLANG_WARN_CONSTANT_CONVERSION = YES;
				CLANG_WARN_DEPRECATED_OBJC_IMPLEMENTATIONS = YES;
				CLANG_WARN_DIRECT_OBJC_ISA_USAGE = YES_ERROR;
				CLANG_WARN_DOCUMENTATION_COMMENTS = YES;
				CLANG_WARN_EMPTY_BODY = YES;
				CLANG_WARN_ENUM_CONVERSION = YES;
				CLANG_WARN_INFINITE_RECURSION = YES;
				CLANG_WARN_INT_CONVERSION = YES;
				CLANG_WARN_NON_LITERAL_NULL_CONVERSION = YES;
				CLANG_WARN_OBJC_IMPLICIT_RETAIN_SELF = YES;
				CLANG_WARN_OBJC_LITERAL_CONVERSION = YES;
				CLANG_WARN_OBJC_ROOT_CLASS = YES_ERROR;
				CLANG_WARN_RANGE_LOOP_ANALYSIS = YES;
				CLANG_WARN_STRICT_PROTOTYPES = YES;
				CLANG_WARN_SUSPICIOUS_MOVE = YES;
				CLANG_WARN_UNGUARDED_AVAILABILITY = YES_AGGRESSIVE;
				CLANG_WARN_UNREACHABLE_CODE = YES;
				CLANG_WARN__DUPLICATE_METHOD_MATCH = YES;
				CODE_SIGN_IDENTITY = "iPhone Developer";
				COPY_PHASE_STRIP = NO;
				DEBUG_INFORMATION_FORMAT = dwarf;
				ENABLE_STRICT_OBJC_MSGSEND = YES;
				ENABLE_TESTABILITY = YES;
				GCC_C_LANGUAGE_STANDARD = gnu11;
				GCC_DYNAMIC_NO_PIC = NO;
				GCC_NO_COMMON_BLOCKS = YES;
				GCC_OPTIMIZATION_LEVEL = 0;
				GCC_PREPROCESSOR_DEFINITIONS = (
					"DEBUG=1",
					"$(inherited)",
				);
				GCC_WARN_64_TO_32_BIT_CONVERSION = YES;
				GCC_WARN_ABOUT_RETURN_TYPE = YES_ERROR;
				GCC_WARN_UNDECLARED_SELECTOR = YES;
				GCC_WARN_UNINITIALIZED_AUTOS = YES_AGGRESSIVE;
				GCC_WARN_UNUSED_FUNCTION = YES;
				GCC_WARN_UNUSED_VARIABLE = YES;
				IPHONEOS_DEPLOYMENT_TARGET = 11.4;
				MTL_ENABLE_DEBUG_INFO = YES;
				ONLY_ACTIVE_ARCH = YES;
				SDKROOT = iphoneos;
			};
			name = Debug;
		};
		39F392E320C0382700C66FBD /* Release */ = {
			isa = XCBuildConfiguration;
			buildSettings = {
				ALWAYS_SEARCH_USER_PATHS = NO;
				CLANG_ANALYZER_NONNULL = YES;
				CLANG_ANALYZER_NUMBER_OBJECT_CONVERSION = YES_AGGRESSIVE;
				CLANG_CXX_LANGUAGE_STANDARD = "gnu++14";
				CLANG_CXX_LIBRARY = "libc++";
				CLANG_ENABLE_MODULES = YES;
				CLANG_ENABLE_OBJC_ARC = YES;
				CLANG_ENABLE_OBJC_WEAK = YES;
				CLANG_WARN_BLOCK_CAPTURE_AUTORELEASING = YES;
				CLANG_WARN_BOOL_CONVERSION = YES;
				CLANG_WARN_COMMA = YES;
				CLANG_WARN_CONSTANT_CONVERSION = YES;
				CLANG_WARN_DEPRECATED_OBJC_IMPLEMENTATIONS = YES;
				CLANG_WARN_DIRECT_OBJC_ISA_USAGE = YES_ERROR;
				CLANG_WARN_DOCUMENTATION_COMMENTS = YES;
				CLANG_WARN_EMPTY_BODY = YES;
				CLANG_WARN_ENUM_CONVERSION = YES;
				CLANG_WARN_INFINITE_RECURSION = YES;
				CLANG_WARN_INT_CONVERSION = YES;
				CLANG_WARN_NON_LITERAL_NULL_CONVERSION = YES;
				CLANG_WARN_OBJC_IMPLICIT_RETAIN_SELF = YES;
				CLANG_WARN_OBJC_LITERAL_CONVERSION = YES;
				CLANG_WARN_OBJC_ROOT_CLASS = YES_ERROR;
				CLANG_WARN_RANGE_LOOP_ANALYSIS = YES;
				CLANG_WARN_STRICT_PROTOTYPES = YES;
				CLANG_WARN_SUSPICIOUS_MOVE = YES;
				CLANG_WARN_UNGUARDED_AVAILABILITY = YES_AGGRESSIVE;
				CLANG_WARN_UNREACHABLE_CODE = YES;
				CLANG_WARN__DUPLICATE_METHOD_MATCH = YES;
				CODE_SIGN_IDENTITY = "iPhone Developer";
				COPY_PHASE_STRIP = NO;
				DEBUG_INFORMATION_FORMAT = "dwarf-with-dsym";
				ENABLE_NS_ASSERTIONS = NO;
				ENABLE_STRICT_OBJC_MSGSEND = YES;
				GCC_C_LANGUAGE_STANDARD = gnu11;
				GCC_NO_COMMON_BLOCKS = YES;
				GCC_WARN_64_TO_32_BIT_CONVERSION = YES;
				GCC_WARN_ABOUT_RETURN_TYPE = YES_ERROR;
				GCC_WARN_UNDECLARED_SELECTOR = YES;
				GCC_WARN_UNINITIALIZED_AUTOS = YES_AGGRESSIVE;
				GCC_WARN_UNUSED_FUNCTION = YES;
				GCC_WARN_UNUSED_VARIABLE = YES;
				IPHONEOS_DEPLOYMENT_TARGET = 11.4;
				MTL_ENABLE_DEBUG_INFO = NO;
				SDKROOT = iphoneos;
				VALIDATE_PRODUCT = YES;
			};
			name = Release;
		};
		39F392E520C0382700C66FBD /* Debug */ = {
			isa = XCBuildConfiguration;
			baseConfigurationReference = 76F34A5CCEA4A5FFF86FA837 /* Pods-YJQQ.debug.xcconfig */;
			buildSettings = {
				ASSETCATALOG_COMPILER_APPICON_NAME = AppIcon;
				ASSETCATALOG_COMPILER_LAUNCHIMAGE_NAME = LaunchImage;
				CODE_SIGN_STYLE = Automatic;
				DEVELOPMENT_TEAM = MG84E84LV7;
				INFOPLIST_FILE = YJQQ/Info.plist;
				LD_RUNPATH_SEARCH_PATHS = (
					"$(inherited)",
					"@executable_path/Frameworks",
				);
				PRODUCT_BUNDLE_IDENTIFIER = com.learn.YJCoder.YJQQ;
				PRODUCT_NAME = "$(TARGET_NAME)";
				TARGETED_DEVICE_FAMILY = "1,2";
			};
			name = Debug;
		};
		39F392E620C0382700C66FBD /* Release */ = {
			isa = XCBuildConfiguration;
			baseConfigurationReference = 90E264D062D9ECD570CE9DD0 /* Pods-YJQQ.release.xcconfig */;
			buildSettings = {
				ASSETCATALOG_COMPILER_APPICON_NAME = AppIcon;
				ASSETCATALOG_COMPILER_LAUNCHIMAGE_NAME = LaunchImage;
				CODE_SIGN_STYLE = Automatic;
				DEVELOPMENT_TEAM = MG84E84LV7;
				INFOPLIST_FILE = YJQQ/Info.plist;
				LD_RUNPATH_SEARCH_PATHS = (
					"$(inherited)",
					"@executable_path/Frameworks",
				);
				PRODUCT_BUNDLE_IDENTIFIER = com.learn.YJCoder.YJQQ;
				PRODUCT_NAME = "$(TARGET_NAME)";
				TARGETED_DEVICE_FAMILY = "1,2";
			};
			name = Release;
		};
		39F392E820C0382700C66FBD /* Debug */ = {
			isa = XCBuildConfiguration;
			buildSettings = {
				BUNDLE_LOADER = "$(TEST_HOST)";
				CODE_SIGN_STYLE = Automatic;
				DEVELOPMENT_TEAM = MG84E84LV7;
				INFOPLIST_FILE = YJQQTests/Info.plist;
				LD_RUNPATH_SEARCH_PATHS = (
					"$(inherited)",
					"@executable_path/Frameworks",
					"@loader_path/Frameworks",
				);
				PRODUCT_BUNDLE_IDENTIFIER = com.learn.YJCoder.YJQQTests;
				PRODUCT_NAME = "$(TARGET_NAME)";
				TARGETED_DEVICE_FAMILY = "1,2";
				TEST_HOST = "$(BUILT_PRODUCTS_DIR)/YJQQ.app/YJQQ";
			};
			name = Debug;
		};
		39F392E920C0382700C66FBD /* Release */ = {
			isa = XCBuildConfiguration;
			buildSettings = {
				BUNDLE_LOADER = "$(TEST_HOST)";
				CODE_SIGN_STYLE = Automatic;
				DEVELOPMENT_TEAM = MG84E84LV7;
				INFOPLIST_FILE = YJQQTests/Info.plist;
				LD_RUNPATH_SEARCH_PATHS = (
					"$(inherited)",
					"@executable_path/Frameworks",
					"@loader_path/Frameworks",
				);
				PRODUCT_BUNDLE_IDENTIFIER = com.learn.YJCoder.YJQQTests;
				PRODUCT_NAME = "$(TARGET_NAME)";
				TARGETED_DEVICE_FAMILY = "1,2";
				TEST_HOST = "$(BUILT_PRODUCTS_DIR)/YJQQ.app/YJQQ";
			};
			name = Release;
		};
		39F392EB20C0382700C66FBD /* Debug */ = {
			isa = XCBuildConfiguration;
			buildSettings = {
				CODE_SIGN_STYLE = Automatic;
				DEVELOPMENT_TEAM = MG84E84LV7;
				INFOPLIST_FILE = YJQQUITests/Info.plist;
				LD_RUNPATH_SEARCH_PATHS = (
					"$(inherited)",
					"@executable_path/Frameworks",
					"@loader_path/Frameworks",
				);
				PRODUCT_BUNDLE_IDENTIFIER = com.learn.YJCoder.YJQQUITests;
				PRODUCT_NAME = "$(TARGET_NAME)";
				TARGETED_DEVICE_FAMILY = "1,2";
				TEST_TARGET_NAME = YJQQ;
			};
			name = Debug;
		};
		39F392EC20C0382700C66FBD /* Release */ = {
			isa = XCBuildConfiguration;
			buildSettings = {
				CODE_SIGN_STYLE = Automatic;
				DEVELOPMENT_TEAM = MG84E84LV7;
				INFOPLIST_FILE = YJQQUITests/Info.plist;
				LD_RUNPATH_SEARCH_PATHS = (
					"$(inherited)",
					"@executable_path/Frameworks",
					"@loader_path/Frameworks",
				);
				PRODUCT_BUNDLE_IDENTIFIER = com.learn.YJCoder.YJQQUITests;
				PRODUCT_NAME = "$(TARGET_NAME)";
				TARGETED_DEVICE_FAMILY = "1,2";
				TEST_TARGET_NAME = YJQQ;
			};
			name = Release;
		};
/* End XCBuildConfiguration section */

/* Begin XCConfigurationList section */
		39F392B320C0382400C66FBD /* Build configuration list for PBXProject "YJQQ" */ = {
			isa = XCConfigurationList;
			buildConfigurations = (
				39F392E220C0382700C66FBD /* Debug */,
				39F392E320C0382700C66FBD /* Release */,
			);
			defaultConfigurationIsVisible = 0;
			defaultConfigurationName = Release;
		};
		39F392E420C0382700C66FBD /* Build configuration list for PBXNativeTarget "YJQQ" */ = {
			isa = XCConfigurationList;
			buildConfigurations = (
				39F392E520C0382700C66FBD /* Debug */,
				39F392E620C0382700C66FBD /* Release */,
			);
			defaultConfigurationIsVisible = 0;
			defaultConfigurationName = Release;
		};
		39F392E720C0382700C66FBD /* Build configuration list for PBXNativeTarget "YJQQTests" */ = {
			isa = XCConfigurationList;
			buildConfigurations = (
				39F392E820C0382700C66FBD /* Debug */,
				39F392E920C0382700C66FBD /* Release */,
			);
			defaultConfigurationIsVisible = 0;
			defaultConfigurationName = Release;
		};
		39F392EA20C0382700C66FBD /* Build configuration list for PBXNativeTarget "YJQQUITests" */ = {
			isa = XCConfigurationList;
			buildConfigurations = (
				39F392EB20C0382700C66FBD /* Debug */,
				39F392EC20C0382700C66FBD /* Release */,
			);
			defaultConfigurationIsVisible = 0;
			defaultConfigurationName = Release;
		};
/* End XCConfigurationList section */
	};
	rootObject = 39F392B020C0382400C66FBD /* Project object */;
}
